{
  "name": "html-webpack-auto-inject-plugin",
  "version": "0.1.2",
  "lockfileVersion": 1,
  "requires": true,
  "dependencies": {
    "commander": {
      "version": "2.13.0",
      "resolved": "http://registry.npm.taobao.org/commander/download/commander-2.13.0.tgz",
      "integrity": "sha1-aWS8pnaF33wfFDDFhPB9dZeIW5w="
    },
    "source-map": {
      "version": "0.6.1",
      "resolved": "http://registry.npm.taobao.org/source-map/download/source-map-0.6.1.tgz",
      "integrity": "sha1-dHIq8y6WFOnCh6jQu95IteLxomM="
    },
    "uglify-js": {
      "version": "3.3.8",
      "resolved": "http://registry.npm.taobao.org/uglify-js/download/uglify-js-3.3.8.tgz",
      "integrity": "sha1-Ueml23OvtTrJhgPQgiTtzQvkX9g=",
      "requires": {
        "commander": "2.13.0",
        "source-map": "0.6.1"
      }
    }
  }
}
